
Microsoft Visual Studio Solution File, Format Version 12.00
# Visual Studio Version 17
VisualStudioVersion = 17.8.34330.188
MinimumVisualStudioVersion = 10.0.40219.1
Project("{C9674DCB-5085-4A16-B785-4C70DD1589BD}") = "assignment0_parte2", "assignment0_parte2\assignment0_parte2.dtproj", "{1D561CCC-93B7-400F-81DD-13C666A13644}"
EndProject
Global
	GlobalSection(SolutionConfigurationPlatforms) = preSolution
		Development|Default = Development|Default
	EndGlobalSection
	GlobalSection(ProjectConfigurationPlatforms) = postSolution
		{1D561CCC-93B7-400F-81DD-13C666A13644}.Development|Default.ActiveCfg = Development
		{1D561CCC-93B7-400F-81DD-13C666A13644}.Development|Default.Build.0 = Development
	EndGlobalSection
	GlobalSection(SolutionProperties) = preSolution
		HideSolutionNode = FALSE
	EndGlobalSection
	GlobalSection(ExtensibilityGlobals) = postSolution
		SolutionGuid = {9F828230-6721-4DF0-9FF3-1155A3EB30C6}
	EndGlobalSection
EndGlobal
